
Microsoft Visual Studio Solution File, Format Version 12.00
# Visual Studio 14
VisualStudioVersion = 14.0.25420.1
MinimumVisualStudioVersion = 10.0.40219.1
Project("{FAE04EC0-301F-11D3-BF4B-00C04F79EFBC}") = "Invaders", "Invaders\Invaders.csproj", "{40D3F2E8-3D67-4305-A3FB-5CEF3B248B53}"
EndProject
Project("{FAE04EC0-301F-11D3-BF4B-00C04F79EFBC}") = "Infrastructure", "Infrastructure\Infrastructure.csproj", "{541DE23E-5987-46F0-A314-15805872E4FC}"
EndProject
Project("{2150E333-8FDC-42A3-9474-1A3956D46DE8}") = "Solution Items", "Solution Items", "{3B1F9795-7E98-4C2D-8F6F-45FAC80DBDA2}"
EndProject
Global
	GlobalSection(SolutionConfigurationPlatforms) = preSolution
		Debug|Any CPU = Debug|Any CPU
		Debug|x86 = Debug|x86
		Release|Any CPU = Release|Any CPU
		Release|x86 = Release|x86
	EndGlobalSection
	GlobalSection(ProjectConfigurationPlatforms) = postSolution
		{40D3F2E8-3D67-4305-A3FB-5CEF3B248B53}.Debug|Any CPU.ActiveCfg = Debug|x86
		{40D3F2E8-3D67-4305-A3FB-5CEF3B248B53}.Debug|x86.ActiveCfg = Debug|x86
		{40D3F2E8-3D67-4305-A3FB-5CEF3B248B53}.Debug|x86.Build.0 = Debug|x86
		{40D3F2E8-3D67-4305-A3FB-5CEF3B248B53}.Release|Any CPU.ActiveCfg = Release|x86
		{40D3F2E8-3D67-4305-A3FB-5CEF3B248B53}.Release|x86.ActiveCfg = Release|x86
		{40D3F2E8-3D67-4305-A3FB-5CEF3B248B53}.Release|x86.Build.0 = Release|x86
		{541DE23E-5987-46F0-A314-15805872E4FC}.Debug|Any CPU.ActiveCfg = Debug|Any CPU
		{541DE23E-5987-46F0-A314-15805872E4FC}.Debug|Any CPU.Build.0 = Debug|Any CPU
		{541DE23E-5987-46F0-A314-15805872E4FC}.Debug|x86.ActiveCfg = Debug|Any CPU
		{541DE23E-5987-46F0-A314-15805872E4FC}.Debug|x86.Build.0 = Debug|Any CPU
		{541DE23E-5987-46F0-A314-15805872E4FC}.Release|Any CPU.ActiveCfg = Release|Any CPU
		{541DE23E-5987-46F0-A314-15805872E4FC}.Release|Any CPU.Build.0 = Release|Any CPU
		{541DE23E-5987-46F0-A314-15805872E4FC}.Release|x86.ActiveCfg = Release|Any CPU
		{541DE23E-5987-46F0-A314-15805872E4FC}.Release|x86.Build.0 = Release|Any CPU
	EndGlobalSection
	GlobalSection(SolutionProperties) = preSolution
		HideSolutionNode = FALSE
	EndGlobalSection
EndGlobal
